
Microsoft Visual Studio Solution File, Format Version 12.00
# Visual Studio Version 17
VisualStudioVersion = 17.0.32112.339
MinimumVisualStudioVersion = 10.0.40219.1
Project("{9A19103F-16F7-4668-BE54-9A1E7A4F7556}") = "Dynamically", "Dynamically.csproj", "{FCCCB5A2-C786-4E6D-BC42-2AEFFEF3656D}"
EndProject
Global
	GlobalSection(SolutionConfigurationPlatforms) = preSolution
		Debug|Any CPU = Debug|Any CPU
		Release|Any CPU = Release|Any CPU
	EndGlobalSection
	GlobalSection(ProjectConfigurationPlatforms) = postSolution
		{FCCCB5A2-C786-4E6D-BC42-2AEFFEF3656D}.Debug|Any CPU.ActiveCfg = Debug|Any CPU
		{FCCCB5A2-C786-4E6D-BC42-2AEFFEF3656D}.Debug|Any CPU.Build.0 = Debug|Any CPU
		{FCCCB5A2-C786-4E6D-BC42-2AEFFEF3656D}.Release|Any CPU.ActiveCfg = Release|Any CPU
		{FCCCB5A2-C786-4E6D-BC42-2AEFFEF3656D}.Release|Any CPU.Build.0 = Release|Any CPU
	EndGlobalSection
	GlobalSection(SolutionProperties) = preSolution
		HideSolutionNode = FALSE
	EndGlobalSection
	GlobalSection(ExtensibilityGlobals) = postSolution
		SolutionGuid = {A9084442-F80A-4734-9E04-68B470EC4AED}
	EndGlobalSection
EndGlobal
